{
  "name": "columnist-db-mcp-ai-memory",
  "version": "1.0.0",
  "lockfileVersion": 3,
  "requires": true,
  "packages": {
    "": {
      "name": "columnist-db-mcp-ai-memory",
      "version": "1.0.0",
      "license": "MIT",
      "dependencies": {
        "columnist-db-core": "file:../packages/core"
      },
      "bin": {
        "columnist-db-ai-memory": "index.js"
      },
      "engines": {
        "node": ">=16.0.0"
      }
    },
    "../packages/core": {
      "name": "columnist-db-core",
      "version": "1.2.3",
      "dependencies": {
        "@modelcontextprotocol/sdk": "^1.17.4",
        "@types/cors": "^2.8.19",
        "@types/jsonwebtoken": "^9.0.10",
        "@types/ws": "^8.18.1",
        "compression": "^1.8.1",
        "cors": "^2.8.5",
        "helmet": "^8.1.0",
        "jsonwebtoken": "^9.0.2",
        "ws": "^8.18.3",
        "zod": "^4.1.0"
      },
      "devDependencies": {
        "@types/node": "^20.0.0",
        "fake-indexeddb": "^6.1.0",
        "jest": "^29.0.0",
        "ts-jest": "^29.0.0",
        "ts-node": "^10.9.2",
        "typescript": "^5.0.0"
      },
      "peerDependencies": {
        "react": ">=16.8.0",
        "react-dom": ">=16.8.0"
      },
      "peerDependenciesMeta": {
        "react": {
          "optional": true
        },
        "react-dom": {
          "optional": true
        }
      }
    },
    "node_modules/columnist-db-core": {
      "resolved": "../packages/core",
      "link": true
    }
  }
}
